{
  "R": {
    "Version": "4.2.3",
    "Repositories": [
      {
        "Name": "CRAN",
        "URL": "https://cloud.r-project.org"
      }
    ]
  },
  "Packages": {
    "CohortGenerator": {
      "Package": "CohortGenerator",
      "Version": "v0.7.0",
      "Source": "GitHub",
      "RemoteType": "github",
      "RemoteHost": "api.github.com",
      "RemoteUsername": "ohdsi",
      "RemoteRepo": "CohortGenerator",
      "RemoteRef": "v0.7.0",
      "RemoteSha": "8379cb8f0b0a089589e6b14be52b752dc687afc6",
      "Remotes": "ohdsi/CirceR, ohdsi/Eunomia, ohdsi/ROhdsiWebApi",
      "Requirements": [
        "DatabaseConnector",
        "ParallelLogger",
        "R",
        "R6",
        "RJSONIO",
        "SqlRender",
        "bit64",
        "checkmate",
        "digest",
        "dplyr",
        "jsonlite",
        "lubridate",
        "readr",
        "rlang",
        "stringi"
      ],
      "Hash": "f0a42dc45bbd13cefbfde966beb531b8"
    },
    "DatabaseConnector": {
      "Package": "DatabaseConnector",
      "Version": "6.0.0",
      "Source": "Repository",
      "Repository": "CRAN",
      "Requirements": [
        "DBI",
        "R",
        "SqlRender",
        "bit64",
        "checkmate",
        "dbplyr",
        "digest",
        "methods",
        "rJava",
        "readr",
        "rlang",
        "stringr",
        "urltools",
        "utils"
      ],
      "Hash": "91f9fc9ccec0b3203153c4371349ae31"
    },
    "Eunomia": {
      "Package": "Eunomia",
      "Version": "HEAD",
      "Source": "GitHub",
      "RemoteType": "github",
      "RemoteHost": "api.github.com",
      "RemoteUsername": "ohdsi",
      "RemoteRepo": "Eunomia",
      "RemoteRef": "HEAD",
      "RemoteSha": "1220fdbe550762ff131f66f05f74f2610a4e85ca",
      "Requirements": [
        "DatabaseConnector",
        "RSQLite",
        "SqlRender",
        "readr"
      ],
      "Hash": "06f849a536f805abebdcf131d18097b6"
    },
    "Matrix": {
      "Package": "Matrix",
      "Version": "1.5-1",
      "Source": "Repository",
      "Repository": "CRAN",
      "Requirements": [
        "R",
        "graphics",
        "grid",
        "lattice",
        "methods",
        "stats",
        "utils"
      ],
      "Hash": "130c0caba175739d98f2963c6a407cf6"
    }
  }
}
